
Microsoft Visual Studio Solution File, Format Version 12.00
# Visual Studio Version 17
VisualStudioVersion = 17.1.32210.238
MinimumVisualStudioVersion = 10.0.40219.1
Project("{FAE04EC0-301F-11D3-BF4B-00C04F79EFBC}") = "OcelotApiGateway_1", "OcelotApiGateway_1\OcelotApiGateway_1.csproj", "{3FB2D4C1-66F2-4279-BEA4-9BE4FD34A89C}"
EndProject
Global
	GlobalSection(SolutionConfigurationPlatforms) = preSolution
		Debug|Any CPU = Debug|Any CPU
		Release|Any CPU = Release|Any CPU
	EndGlobalSection
	GlobalSection(ProjectConfigurationPlatforms) = postSolution
		{3FB2D4C1-66F2-4279-BEA4-9BE4FD34A89C}.Debug|Any CPU.ActiveCfg = Debug|Any CPU
		{3FB2D4C1-66F2-4279-BEA4-9BE4FD34A89C}.Debug|Any CPU.Build.0 = Debug|Any CPU
		{3FB2D4C1-66F2-4279-BEA4-9BE4FD34A89C}.Release|Any CPU.ActiveCfg = Release|Any CPU
		{3FB2D4C1-66F2-4279-BEA4-9BE4FD34A89C}.Release|Any CPU.Build.0 = Release|Any CPU
	EndGlobalSection
	GlobalSection(SolutionProperties) = preSolution
		HideSolutionNode = FALSE
	EndGlobalSection
	GlobalSection(ExtensibilityGlobals) = postSolution
		SolutionGuid = {E12B57B2-90A3-4AA2-BB45-0C29B2888947}
	EndGlobalSection
EndGlobal
